<Solution>
    <Folder Name="/src/">
        <Project Path="src/Kogl.Abstractions/Kogl.Abstractions.csproj" />
        <Project Path="src/Kogl.Core/Kogl.Core.csproj" />
        <Project Path="src/Kogl.Math/Kogl.Math.csproj" />
        <Project Path="src/Kogl.OpenGL/Kogl.OpenGL.csproj" />
        <Project Path="src/Kogl.Samples/Kogl.Samples.csproj" />
        <Project Path="src/Kogl.Windowing/Kogl.Windowing.csproj" />
    </Folder>
</Solution>
